
Microsoft Visual Studio Solution File, Format Version 12.00
# Visual Studio Version 17
VisualStudioVersion = 17.4.33205.214
MinimumVisualStudioVersion = 10.0.40219.1
Project("{FAE04EC0-301F-11D3-BF4B-00C04F79EFBC}") = "LetterLoops", "LetterLoops.csproj", "{43B04119-DA99-44EF-A775-E5C4A995DD88}"
EndProject
Global
	GlobalSection(SolutionConfigurationPlatforms) = preSolution
		Debug|Any CPU = Debug|Any CPU
		Release|Any CPU = Release|Any CPU
	EndGlobalSection
	GlobalSection(ProjectConfigurationPlatforms) = postSolution
		{43B04119-DA99-44EF-A775-E5C4A995DD88}.Debug|Any CPU.ActiveCfg = Debug|Any CPU
		{43B04119-DA99-44EF-A775-E5C4A995DD88}.Debug|Any CPU.Build.0 = Debug|Any CPU
		{43B04119-DA99-44EF-A775-E5C4A995DD88}.Release|Any CPU.ActiveCfg = Release|Any CPU
		{43B04119-DA99-44EF-A775-E5C4A995DD88}.Release|Any CPU.Build.0 = Release|Any CPU
	EndGlobalSection
	GlobalSection(SolutionProperties) = preSolution
		HideSolutionNode = FALSE
	EndGlobalSection
	GlobalSection(ExtensibilityGlobals) = postSolution
		SolutionGuid = {A47DE719-8B88-4775-83AC-0CC6ECF3EA53}
	EndGlobalSection
EndGlobal
